
Microsoft Visual Studio Solution File, Format Version 12.00
# Visual Studio 2013
VisualStudioVersion = 12.0.31101.0
MinimumVisualStudioVersion = 10.0.40219.1
Project("{F184B08F-C81C-45F6-A57F-5ABD9991F28F}") = "ContentGenerator", "ContentGenerator\ContentGenerator.vbproj", "{1DDE3005-BAFF-4653-B303-1A98F3558F0E}"
EndProject
Project("{F184B08F-C81C-45F6-A57F-5ABD9991F28F}") = "ContentGeneratorWeb", "ContentGeneratorWeb\ContentGeneratorWeb.vbproj", "{D037000C-BCF7-47F5-A55C-DF1D5C677463}"
EndProject
Global
	GlobalSection(SolutionConfigurationPlatforms) = preSolution
		Debug|Any CPU = Debug|Any CPU
		Release|Any CPU = Release|Any CPU
	EndGlobalSection
	GlobalSection(ProjectConfigurationPlatforms) = postSolution
		{1DDE3005-BAFF-4653-B303-1A98F3558F0E}.Debug|Any CPU.ActiveCfg = Debug|Any CPU
		{1DDE3005-BAFF-4653-B303-1A98F3558F0E}.Debug|Any CPU.Build.0 = Debug|Any CPU
		{1DDE3005-BAFF-4653-B303-1A98F3558F0E}.Debug|Any CPU.Deploy.0 = Debug|Any CPU
		{1DDE3005-BAFF-4653-B303-1A98F3558F0E}.Release|Any CPU.ActiveCfg = Release|Any CPU
		{1DDE3005-BAFF-4653-B303-1A98F3558F0E}.Release|Any CPU.Build.0 = Release|Any CPU
		{1DDE3005-BAFF-4653-B303-1A98F3558F0E}.Release|Any CPU.Deploy.0 = Release|Any CPU
		{D037000C-BCF7-47F5-A55C-DF1D5C677463}.Debug|Any CPU.ActiveCfg = Debug|Any CPU
		{D037000C-BCF7-47F5-A55C-DF1D5C677463}.Debug|Any CPU.Build.0 = Debug|Any CPU
		{D037000C-BCF7-47F5-A55C-DF1D5C677463}.Release|Any CPU.ActiveCfg = Release|Any CPU
		{D037000C-BCF7-47F5-A55C-DF1D5C677463}.Release|Any CPU.Build.0 = Release|Any CPU
	EndGlobalSection
	GlobalSection(SolutionProperties) = preSolution
		HideSolutionNode = FALSE
	EndGlobalSection
EndGlobal
